
Microsoft Visual Studio Solution File, Format Version 12.00
Project("{FAE04EC0-301F-11D3-BF4B-00C04F79EFBC}") = "AuthnBrowse.Api", "AuthnBrowse.Api\AuthnBrowse.Api.csproj", "{8652D141-EFC2-4986-A2CB-C25D56B1216E}"
EndProject
Project("{FAE04EC0-301F-11D3-BF4B-00C04F79EFBC}") = "AuthnBrowse.WebApp", "AuthnBrowse.WebApp\AuthnBrowse.WebApp.csproj", "{4C1A62FD-8860-410B-B65D-810915E2B509}"
EndProject
Global
	GlobalSection(SolutionConfigurationPlatforms) = preSolution
		Debug|Any CPU = Debug|Any CPU
		Release|Any CPU = Release|Any CPU
	EndGlobalSection
	GlobalSection(ProjectConfigurationPlatforms) = postSolution
		{8652D141-EFC2-4986-A2CB-C25D56B1216E}.Debug|Any CPU.ActiveCfg = Debug|Any CPU
		{8652D141-EFC2-4986-A2CB-C25D56B1216E}.Debug|Any CPU.Build.0 = Debug|Any CPU
		{8652D141-EFC2-4986-A2CB-C25D56B1216E}.Release|Any CPU.ActiveCfg = Release|Any CPU
		{8652D141-EFC2-4986-A2CB-C25D56B1216E}.Release|Any CPU.Build.0 = Release|Any CPU
		{4C1A62FD-8860-410B-B65D-810915E2B509}.Debug|Any CPU.ActiveCfg = Debug|Any CPU
		{4C1A62FD-8860-410B-B65D-810915E2B509}.Debug|Any CPU.Build.0 = Debug|Any CPU
		{4C1A62FD-8860-410B-B65D-810915E2B509}.Release|Any CPU.ActiveCfg = Release|Any CPU
		{4C1A62FD-8860-410B-B65D-810915E2B509}.Release|Any CPU.Build.0 = Release|Any CPU
	EndGlobalSection
EndGlobal
